
Microsoft Visual Studio Solution File, Format Version 12.00
# Visual Studio 15
VisualStudioVersion = 15.0.28307.572
MinimumVisualStudioVersion = 10.0.40219.1
Project("{FAE04EC0-301F-11D3-BF4B-00C04F79EFBC}") = "BookReader", "BookReader\BookReader.csproj", "{C9400491-E238-4C87-8C70-B486A7EEBC37}"
EndProject
Project("{D954291E-2A0B-460D-934E-DC6B0785DB48}") = "ShareDataBaseManager", "ShareDataBaseManager\ShareDataBaseManager.shproj", "{71C5C79D-F60E-4A61-87CF-84CDBCF54D30}"
EndProject
Global
	GlobalSection(SharedMSBuildProjectFiles) = preSolution
		ShareDataBaseManager\ShareDataBaseManager.projitems*{71c5c79d-f60e-4a61-87cf-84cdbcf54d30}*SharedItemsImports = 13
	EndGlobalSection
	GlobalSection(SolutionConfigurationPlatforms) = preSolution
		Debug|Any CPU = Debug|Any CPU
		Release|Any CPU = Release|Any CPU
	EndGlobalSection
	GlobalSection(ProjectConfigurationPlatforms) = postSolution
		{C9400491-E238-4C87-8C70-B486A7EEBC37}.Debug|Any CPU.ActiveCfg = Debug|Any CPU
		{C9400491-E238-4C87-8C70-B486A7EEBC37}.Debug|Any CPU.Build.0 = Debug|Any CPU
		{C9400491-E238-4C87-8C70-B486A7EEBC37}.Release|Any CPU.ActiveCfg = Release|Any CPU
		{C9400491-E238-4C87-8C70-B486A7EEBC37}.Release|Any CPU.Build.0 = Release|Any CPU
	EndGlobalSection
	GlobalSection(SolutionProperties) = preSolution
		HideSolutionNode = FALSE
	EndGlobalSection
	GlobalSection(ExtensibilityGlobals) = postSolution
		SolutionGuid = {F14ECE5D-C13C-4F92-92A6-3B8F8B8E79DF}
	EndGlobalSection
EndGlobal
